
Microsoft Visual Studio Solution File, Format Version 12.00
# Visual Studio 15
VisualStudioVersion = 15.0.26403.7
MinimumVisualStudioVersion = 10.0.40219.1
Project("{FAE04EC0-301F-11D3-BF4B-00C04F79EFBC}") = "PrismTest", "PrismTest\PrismTest\PrismTest.csproj", "{8D699986-62CC-4AE5-B5F5-2BC3B4FA25C7}"
EndProject
Project("{FAE04EC0-301F-11D3-BF4B-00C04F79EFBC}") = "PrismTest.Droid", "PrismTest\PrismTest.Droid\PrismTest.Droid.csproj", "{793996E1-E0E1-4241-BFE5-CBE6E4E65994}"
EndProject
Project("{FAE04EC0-301F-11D3-BF4B-00C04F79EFBC}") = "PrismTest.iOS", "PrismTest\PrismTest.iOS\PrismTest.iOS.csproj", "{C59D680F-5943-4965-B616-8F10FCE7D051}"
EndProject
Project("{FAE04EC0-301F-11D3-BF4B-00C04F79EFBC}") = "PrismTest.UWP", "PrismTest\PrismTest.UWP\PrismTest.UWP.csproj", "{D4580DEC-8527-48DB-BDAC-AD8ACBF80BEF}"
EndProject
Project("{FAE04EC0-301F-11D3-BF4B-00C04F79EFBC}") = "CustomListViewControl", "CustomListViewControl\CustomListViewControl\CustomListViewControl.csproj", "{03AEE6FA-55BC-48A0-9CC9-27BDA6AA212B}"
EndProject
Global
	GlobalSection(SolutionConfigurationPlatforms) = preSolution
		Ad-Hoc|Any CPU = Ad-Hoc|Any CPU
		Ad-Hoc|ARM = Ad-Hoc|ARM
		Ad-Hoc|iPhone = Ad-Hoc|iPhone
		Ad-Hoc|iPhoneSimulator = Ad-Hoc|iPhoneSimulator
		Ad-Hoc|x64 = Ad-Hoc|x64
		Ad-Hoc|x86 = Ad-Hoc|x86
		AppStore|Any CPU = AppStore|Any CPU
		AppStore|ARM = AppStore|ARM
		AppStore|iPhone = AppStore|iPhone
		AppStore|iPhoneSimulator = AppStore|iPhoneSimulator
		AppStore|x64 = AppStore|x64
		AppStore|x86 = AppStore|x86
		Debug|Any CPU = Debug|Any CPU
		Debug|ARM = Debug|ARM
		Debug|iPhone = Debug|iPhone
		Debug|iPhoneSimulator = Debug|iPhoneSimulator
		Debug|x64 = Debug|x64
		Debug|x86 = Debug|x86
		Release|Any CPU = Release|Any CPU
		Release|ARM = Release|ARM
		Release|iPhone = Release|iPhone
		Release|iPhoneSimulator = Release|iPhoneSimulator
		Release|x64 = Release|x64
		Release|x86 = Release|x86
	EndGlobalSection
	GlobalSection(ProjectConfigurationPlatforms) = postSolution
		{8D699986-62CC-4AE5-B5F5-2BC3B4FA25C7}.Ad-Hoc|Any CPU.ActiveCfg = Release|Any CPU
		{8D699986-62CC-4AE5-B5F5-2BC3B4FA25C7}.Ad-Hoc|Any CPU.Build.0 = Release|Any CPU
		{8D699986-62CC-4AE5-B5F5-2BC3B4FA25C7}.Ad-Hoc|ARM.ActiveCfg = Release|Any CPU
		{8D699986-62CC-4AE5-B5F5-2BC3B4FA25C7}.Ad-Hoc|ARM.Build.0 = Release|Any CPU
		{8D699986-62CC-4AE5-B5F5-2BC3B4FA25C7}.Ad-Hoc|iPhone.ActiveCfg = Release|Any CPU
		{8D699986-62CC-4AE5-B5F5-2BC3B4FA25C7}.Ad-Hoc|iPhone.Build.0 = Release|Any CPU
		{8D699986-62CC-4AE5-B5F5-2BC3B4FA25C7}.Ad-Hoc|iPhoneSimulator.ActiveCfg = Release|Any CPU
		{8D699986-62CC-4AE5-B5F5-2BC3B4FA25C7}.Ad-Hoc|iPhoneSimulator.Build.0 = Release|Any CPU
		{8D699986-62CC-4AE5-B5F5-2BC3B4FA25C7}.Ad-Hoc|x64.ActiveCfg = Release|Any CPU
		{8D699986-62CC-4AE5-B5F5-2BC3B4FA25C7}.Ad-Hoc|x64.Build.0 = Release|Any CPU
		{8D699986-62CC-4AE5-B5F5-2BC3B4FA25C7}.Ad-Hoc|x86.ActiveCfg = Release|Any CPU
		{8D699986-62CC-4AE5-B5F5-2BC3B4FA25C7}.Ad-Hoc|x86.Build.0 = Release|Any CPU
		{8D699986-62CC-4AE5-B5F5-2BC3B4FA25C7}.AppStore|Any CPU.ActiveCfg = Release|Any CPU
		{8D699986-62CC-4AE5-B5F5-2BC3B4FA25C7}.AppStore|Any CPU.Build.0 = Release|Any CPU
		{8D699986-62CC-4AE5-B5F5-2BC3B4FA25C7}.AppStore|ARM.ActiveCfg = Release|Any CPU
		{8D699986-62CC-4AE5-B5F5-2BC3B4FA25C7}.AppStore|ARM.Build.0 = Release|Any CPU
		{8D699986-62CC-4AE5-B5F5-2BC3B4FA25C7}.AppStore|iPhone.ActiveCfg = Release|Any CPU
		{8D699986-62CC-4AE5-B5F5-2BC3B4FA25C7}.AppStore|iPhone.Build.0 = Release|Any CPU
		{8D699986-62CC-4AE5-B5F5-2BC3B4FA25C7}.AppStore|iPhoneSimulator.ActiveCfg = Release|Any CPU
		{8D699986-62CC-4AE5-B5F5-2BC3B4FA25C7}.AppStore|iPhoneSimulator.Build.0 = Release|Any CPU
		{8D699986-62CC-4AE5-B5F5-2BC3B4FA25C7}.AppStore|x64.ActiveCfg = Release|Any CPU
		{8D699986-62CC-4AE5-B5F5-2BC3B4FA25C7}.AppStore|x64.Build.0 = Release|Any CPU
		{8D699986-62CC-4AE5-B5F5-2BC3B4FA25C7}.AppStore|x86.ActiveCfg = Release|Any CPU
		{8D699986-62CC-4AE5-B5F5-2BC3B4FA25C7}.AppStore|x86.Build.0 = Release|Any CPU
		{8D699986-62CC-4AE5-B5F5-2BC3B4FA25C7}.Debug|Any CPU.ActiveCfg = Debug|Any CPU
		{8D699986-62CC-4AE5-B5F5-2BC3B4FA25C7}.Debug|Any CPU.Build.0 = Debug|Any CPU
		{8D699986-62CC-4AE5-B5F5-2BC3B4FA25C7}.Debug|ARM.ActiveCfg = Debug|Any CPU
		{8D699986-62CC-4AE5-B5F5-2BC3B4FA25C7}.Debug|ARM.Build.0 = Debug|Any CPU
		{8D699986-62CC-4AE5-B5F5-2BC3B4FA25C7}.Debug|iPhone.ActiveCfg = Debug|Any CPU
		{8D699986-62CC-4AE5-B5F5-2BC3B4FA25C7}.Debug|iPhone.Build.0 = Debug|Any CPU
		{8D699986-62CC-4AE5-B5F5-2BC3B4FA25C7}.Debug|iPhoneSimulator.ActiveCfg = Debug|Any CPU
		{8D699986-62CC-4AE5-B5F5-2BC3B4FA25C7}.Debug|iPhoneSimulator.Build.0 = Debug|Any CPU
		{8D699986-62CC-4AE5-B5F5-2BC3B4FA25C7}.Debug|x64.ActiveCfg = Debug|Any CPU
		{8D699986-62CC-4AE5-B5F5-2BC3B4FA25C7}.Debug|x64.Build.0 = Debug|Any CPU
		{8D699986-62CC-4AE5-B5F5-2BC3B4FA25C7}.Debug|x86.ActiveCfg = Debug|Any CPU
		{8D699986-62CC-4AE5-B5F5-2BC3B4FA25C7}.Debug|x86.Build.0 = Debug|Any CPU
		{8D699986-62CC-4AE5-B5F5-2BC3B4FA25C7}.Release|Any CPU.ActiveCfg = Release|Any CPU
		{8D699986-62CC-4AE5-B5F5-2BC3B4FA25C7}.Release|Any CPU.Build.0 = Release|Any CPU
		{8D699986-62CC-4AE5-B5F5-2BC3B4FA25C7}.Release|ARM.ActiveCfg = Release|Any CPU
		{8D699986-62CC-4AE5-B5F5-2BC3B4FA25C7}.Release|ARM.Build.0 = Release|Any CPU
		{8D699986-62CC-4AE5-B5F5-2BC3B4FA25C7}.Release|iPhone.ActiveCfg = Release|Any CPU
		{8D699986-62CC-4AE5-B5F5-2BC3B4FA25C7}.Release|iPhone.Build.0 = Release|Any CPU
		{8D699986-62CC-4AE5-B5F5-2BC3B4FA25C7}.Release|iPhoneSimulator.ActiveCfg = Release|Any CPU
		{8D699986-62CC-4AE5-B5F5-2BC3B4FA25C7}.Release|iPhoneSimulator.Build.0 = Release|Any CPU
		{8D699986-62CC-4AE5-B5F5-2BC3B4FA25C7}.Release|x64.ActiveCfg = Release|Any CPU
		{8D699986-62CC-4AE5-B5F5-2BC3B4FA25C7}.Release|x64.Build.0 = Release|Any CPU
		{8D699986-62CC-4AE5-B5F5-2BC3B4FA25C7}.Release|x86.ActiveCfg = Release|Any CPU
		{8D699986-62CC-4AE5-B5F5-2BC3B4FA25C7}.Release|x86.Build.0 = Release|Any CPU
		{793996E1-E0E1-4241-BFE5-CBE6E4E65994}.Ad-Hoc|Any CPU.ActiveCfg = Release|Any CPU
		{793996E1-E0E1-4241-BFE5-CBE6E4E65994}.Ad-Hoc|Any CPU.Build.0 = Release|Any CPU
		{793996E1-E0E1-4241-BFE5-CBE6E4E65994}.Ad-Hoc|Any CPU.Deploy.0 = Release|Any CPU
		{793996E1-E0E1-4241-BFE5-CBE6E4E65994}.Ad-Hoc|ARM.ActiveCfg = Release|Any CPU
		{793996E1-E0E1-4241-BFE5-CBE6E4E65994}.Ad-Hoc|ARM.Build.0 = Release|Any CPU
		{793996E1-E0E1-4241-BFE5-CBE6E4E65994}.Ad-Hoc|ARM.Deploy.0 = Release|Any CPU
		{793996E1-E0E1-4241-BFE5-CBE6E4E65994}.Ad-Hoc|iPhone.ActiveCfg = Release|Any CPU
		{793996E1-E0E1-4241-BFE5-CBE6E4E65994}.Ad-Hoc|iPhone.Build.0 = Release|Any CPU
		{793996E1-E0E1-4241-BFE5-CBE6E4E65994}.Ad-Hoc|iPhone.Deploy.0 = Release|Any CPU
		{793996E1-E0E1-4241-BFE5-CBE6E4E65994}.Ad-Hoc|iPhoneSimulator.ActiveCfg = Release|Any CPU
		{793996E1-E0E1-4241-BFE5-CBE6E4E65994}.Ad-Hoc|iPhoneSimulator.Build.0 = Release|Any CPU
		{793996E1-E0E1-4241-BFE5-CBE6E4E65994}.Ad-Hoc|iPhoneSimulator.Deploy.0 = Release|Any CPU
		{793996E1-E0E1-4241-BFE5-CBE6E4E65994}.Ad-Hoc|x64.ActiveCfg = Release|Any CPU
		{793996E1-E0E1-4241-BFE5-CBE6E4E65994}.Ad-Hoc|x64.Build.0 = Release|Any CPU
		{793996E1-E0E1-4241-BFE5-CBE6E4E65994}.Ad-Hoc|x64.Deploy.0 = Release|Any CPU
		{793996E1-E0E1-4241-BFE5-CBE6E4E65994}.Ad-Hoc|x86.ActiveCfg = Release|Any CPU
		{793996E1-E0E1-4241-BFE5-CBE6E4E65994}.Ad-Hoc|x86.Build.0 = Release|Any CPU
		{793996E1-E0E1-4241-BFE5-CBE6E4E65994}.Ad-Hoc|x86.Deploy.0 = Release|Any CPU
		{793996E1-E0E1-4241-BFE5-CBE6E4E65994}.AppStore|Any CPU.ActiveCfg = Release|Any CPU
		{793996E1-E0E1-4241-BFE5-CBE6E4E65994}.AppStore|Any CPU.Build.0 = Release|Any CPU
		{793996E1-E0E1-4241-BFE5-CBE6E4E65994}.AppStore|Any CPU.Deploy.0 = Release|Any CPU
		{793996E1-E0E1-4241-BFE5-CBE6E4E65994}.AppStore|ARM.ActiveCfg = Release|Any CPU
		{793996E1-E0E1-4241-BFE5-CBE6E4E65994}.AppStore|ARM.Build.0 = Release|Any CPU
		{793996E1-E0E1-4241-BFE5-CBE6E4E65994}.AppStore|ARM.Deploy.0 = Release|Any CPU
		{793996E1-E0E1-4241-BFE5-CBE6E4E65994}.AppStore|iPhone.ActiveCfg = Release|Any CPU
		{793996E1-E0E1-4241-BFE5-CBE6E4E65994}.AppStore|iPhone.Build.0 = Release|Any CPU
		{793996E1-E0E1-4241-BFE5-CBE6E4E65994}.AppStore|iPhone.Deploy.0 = Release|Any CPU
		{793996E1-E0E1-4241-BFE5-CBE6E4E65994}.AppStore|iPhoneSimulator.ActiveCfg = Release|Any CPU
		{793996E1-E0E1-4241-BFE5-CBE6E4E65994}.AppStore|iPhoneSimulator.Build.0 = Release|Any CPU
		{793996E1-E0E1-4241-BFE5-CBE6E4E65994}.AppStore|iPhoneSimulator.Deploy.0 = Release|Any CPU
		{793996E1-E0E1-4241-BFE5-CBE6E4E65994}.AppStore|x64.ActiveCfg = Release|Any CPU
		{793996E1-E0E1-4241-BFE5-CBE6E4E65994}.AppStore|x64.Build.0 = Release|Any CPU
		{793996E1-E0E1-4241-BFE5-CBE6E4E65994}.AppStore|x64.Deploy.0 = Release|Any CPU
		{793996E1-E0E1-4241-BFE5-CBE6E4E65994}.AppStore|x86.ActiveCfg = Release|Any CPU
		{793996E1-E0E1-4241-BFE5-CBE6E4E65994}.AppStore|x86.Build.0 = Release|Any CPU
		{793996E1-E0E1-4241-BFE5-CBE6E4E65994}.AppStore|x86.Deploy.0 = Release|Any CPU
		{793996E1-E0E1-4241-BFE5-CBE6E4E65994}.Debug|Any CPU.ActiveCfg = Debug|Any CPU
		{793996E1-E0E1-4241-BFE5-CBE6E4E65994}.Debug|Any CPU.Build.0 = Debug|Any CPU
		{793996E1-E0E1-4241-BFE5-CBE6E4E65994}.Debug|Any CPU.Deploy.0 = Debug|Any CPU
		{793996E1-E0E1-4241-BFE5-CBE6E4E65994}.Debug|ARM.ActiveCfg = Debug|Any CPU
		{793996E1-E0E1-4241-BFE5-CBE6E4E65994}.Debug|ARM.Build.0 = Debug|Any CPU
		{793996E1-E0E1-4241-BFE5-CBE6E4E65994}.Debug|ARM.Deploy.0 = Debug|Any CPU
		{793996E1-E0E1-4241-BFE5-CBE6E4E65994}.Debug|iPhone.ActiveCfg = Debug|Any CPU
		{793996E1-E0E1-4241-BFE5-CBE6E4E65994}.Debug|iPhone.Build.0 = Debug|Any CPU
		{793996E1-E0E1-4241-BFE5-CBE6E4E65994}.Debug|iPhone.Deploy.0 = Debug|Any CPU
		{793996E1-E0E1-4241-BFE5-CBE6E4E65994}.Debug|iPhoneSimulator.ActiveCfg = Debug|Any CPU
		{793996E1-E0E1-4241-BFE5-CBE6E4E65994}.Debug|iPhoneSimulator.Build.0 = Debug|Any CPU
		{793996E1-E0E1-4241-BFE5-CBE6E4E65994}.Debug|iPhoneSimulator.Deploy.0 = Debug|Any CPU
		{793996E1-E0E1-4241-BFE5-CBE6E4E65994}.Debug|x64.ActiveCfg = Debug|Any CPU
		{793996E1-E0E1-4241-BFE5-CBE6E4E65994}.Debug|x64.Build.0 = Debug|Any CPU
		{793996E1-E0E1-4241-BFE5-CBE6E4E65994}.Debug|x64.Deploy.0 = Debug|Any CPU
		{793996E1-E0E1-4241-BFE5-CBE6E4E65994}.Debug|x86.ActiveCfg = Debug|Any CPU
		{793996E1-E0E1-4241-BFE5-CBE6E4E65994}.Debug|x86.Build.0 = Debug|Any CPU
		{793996E1-E0E1-4241-BFE5-CBE6E4E65994}.Debug|x86.Deploy.0 = Debug|Any CPU
		{793996E1-E0E1-4241-BFE5-CBE6E4E65994}.Release|Any CPU.ActiveCfg = Release|Any CPU
		{793996E1-E0E1-4241-BFE5-CBE6E4E65994}.Release|Any CPU.Build.0 = Release|Any CPU
		{793996E1-E0E1-4241-BFE5-CBE6E4E65994}.Release|Any CPU.Deploy.0 = Release|Any CPU
		{793996E1-E0E1-4241-BFE5-CBE6E4E65994}.Release|ARM.ActiveCfg = Release|Any CPU
		{793996E1-E0E1-4241-BFE5-CBE6E4E65994}.Release|ARM.Build.0 = Release|Any CPU
		{793996E1-E0E1-4241-BFE5-CBE6E4E65994}.Release|ARM.Deploy.0 = Release|Any CPU
		{793996E1-E0E1-4241-BFE5-CBE6E4E65994}.Release|iPhone.ActiveCfg = Release|Any CPU
		{793996E1-E0E1-4241-BFE5-CBE6E4E65994}.Release|iPhone.Build.0 = Release|Any CPU
		{793996E1-E0E1-4241-BFE5-CBE6E4E65994}.Release|iPhone.Deploy.0 = Release|Any CPU
		{793996E1-E0E1-4241-BFE5-CBE6E4E65994}.Release|iPhoneSimulator.ActiveCfg = Release|Any CPU
		{793996E1-E0E1-4241-BFE5-CBE6E4E65994}.Release|iPhoneSimulator.Build.0 = Release|Any CPU
		{793996E1-E0E1-4241-BFE5-CBE6E4E65994}.Release|iPhoneSimulator.Deploy.0 = Release|Any CPU
		{793996E1-E0E1-4241-BFE5-CBE6E4E65994}.Release|x64.ActiveCfg = Release|Any CPU
		{793996E1-E0E1-4241-BFE5-CBE6E4E65994}.Release|x64.Build.0 = Release|Any CPU
		{793996E1-E0E1-4241-BFE5-CBE6E4E65994}.Release|x64.Deploy.0 = Release|Any CPU
		{793996E1-E0E1-4241-BFE5-CBE6E4E65994}.Release|x86.ActiveCfg = Release|Any CPU
		{793996E1-E0E1-4241-BFE5-CBE6E4E65994}.Release|x86.Build.0 = Release|Any CPU
		{793996E1-E0E1-4241-BFE5-CBE6E4E65994}.Release|x86.Deploy.0 = Release|Any CPU
		{C59D680F-5943-4965-B616-8F10FCE7D051}.Ad-Hoc|Any CPU.ActiveCfg = Ad-Hoc|iPhone
		{C59D680F-5943-4965-B616-8F10FCE7D051}.Ad-Hoc|ARM.ActiveCfg = Ad-Hoc|iPhone
		{C59D680F-5943-4965-B616-8F10FCE7D051}.Ad-Hoc|iPhone.ActiveCfg = Ad-Hoc|iPhone
		{C59D680F-5943-4965-B616-8F10FCE7D051}.Ad-Hoc|iPhone.Build.0 = Ad-Hoc|iPhone
		{C59D680F-5943-4965-B616-8F10FCE7D051}.Ad-Hoc|iPhoneSimulator.ActiveCfg = Ad-Hoc|iPhoneSimulator
		{C59D680F-5943-4965-B616-8F10FCE7D051}.Ad-Hoc|iPhoneSimulator.Build.0 = Ad-Hoc|iPhoneSimulator
		{C59D680F-5943-4965-B616-8F10FCE7D051}.Ad-Hoc|x64.ActiveCfg = Ad-Hoc|iPhone
		{C59D680F-5943-4965-B616-8F10FCE7D051}.Ad-Hoc|x86.ActiveCfg = Ad-Hoc|iPhone
		{C59D680F-5943-4965-B616-8F10FCE7D051}.AppStore|Any CPU.ActiveCfg = AppStore|iPhone
		{C59D680F-5943-4965-B616-8F10FCE7D051}.AppStore|ARM.ActiveCfg = AppStore|iPhone
		{C59D680F-5943-4965-B616-8F10FCE7D051}.AppStore|iPhone.ActiveCfg = AppStore|iPhone
		{C59D680F-5943-4965-B616-8F10FCE7D051}.AppStore|iPhone.Build.0 = AppStore|iPhone
		{C59D680F-5943-4965-B616-8F10FCE7D051}.AppStore|iPhoneSimulator.ActiveCfg = AppStore|iPhoneSimulator
		{C59D680F-5943-4965-B616-8F10FCE7D051}.AppStore|iPhoneSimulator.Build.0 = AppStore|iPhoneSimulator
		{C59D680F-5943-4965-B616-8F10FCE7D051}.AppStore|x64.ActiveCfg = AppStore|iPhone
		{C59D680F-5943-4965-B616-8F10FCE7D051}.AppStore|x86.ActiveCfg = AppStore|iPhone
		{C59D680F-5943-4965-B616-8F10FCE7D051}.Debug|Any CPU.ActiveCfg = Debug|iPhone
		{C59D680F-5943-4965-B616-8F10FCE7D051}.Debug|ARM.ActiveCfg = Debug|iPhone
		{C59D680F-5943-4965-B616-8F10FCE7D051}.Debug|iPhone.ActiveCfg = Debug|iPhone
		{C59D680F-5943-4965-B616-8F10FCE7D051}.Debug|iPhone.Build.0 = Debug|iPhone
		{C59D680F-5943-4965-B616-8F10FCE7D051}.Debug|iPhoneSimulator.ActiveCfg = Debug|iPhoneSimulator
		{C59D680F-5943-4965-B616-8F10FCE7D051}.Debug|iPhoneSimulator.Build.0 = Debug|iPhoneSimulator
		{C59D680F-5943-4965-B616-8F10FCE7D051}.Debug|x64.ActiveCfg = Debug|iPhone
		{C59D680F-5943-4965-B616-8F10FCE7D051}.Debug|x86.ActiveCfg = Debug|iPhone
		{C59D680F-5943-4965-B616-8F10FCE7D051}.Release|Any CPU.ActiveCfg = Release|iPhone
		{C59D680F-5943-4965-B616-8F10FCE7D051}.Release|ARM.ActiveCfg = Release|iPhone
		{C59D680F-5943-4965-B616-8F10FCE7D051}.Release|iPhone.ActiveCfg = Release|iPhone
		{C59D680F-5943-4965-B616-8F10FCE7D051}.Release|iPhone.Build.0 = Release|iPhone
		{C59D680F-5943-4965-B616-8F10FCE7D051}.Release|iPhoneSimulator.ActiveCfg = Release|iPhoneSimulator
		{C59D680F-5943-4965-B616-8F10FCE7D051}.Release|iPhoneSimulator.Build.0 = Release|iPhoneSimulator
		{C59D680F-5943-4965-B616-8F10FCE7D051}.Release|x64.ActiveCfg = Release|iPhone
		{C59D680F-5943-4965-B616-8F10FCE7D051}.Release|x86.ActiveCfg = Release|iPhone
		{D4580DEC-8527-48DB-BDAC-AD8ACBF80BEF}.Ad-Hoc|Any CPU.ActiveCfg = Release|x86
		{D4580DEC-8527-48DB-BDAC-AD8ACBF80BEF}.Ad-Hoc|Any CPU.Build.0 = Release|x86
		{D4580DEC-8527-48DB-BDAC-AD8ACBF80BEF}.Ad-Hoc|Any CPU.Deploy.0 = Release|x86
		{D4580DEC-8527-48DB-BDAC-AD8ACBF80BEF}.Ad-Hoc|ARM.ActiveCfg = Release|ARM
		{D4580DEC-8527-48DB-BDAC-AD8ACBF80BEF}.Ad-Hoc|ARM.Build.0 = Release|ARM
		{D4580DEC-8527-48DB-BDAC-AD8ACBF80BEF}.Ad-Hoc|ARM.Deploy.0 = Release|ARM
		{D4580DEC-8527-48DB-BDAC-AD8ACBF80BEF}.Ad-Hoc|iPhone.ActiveCfg = Release|x86
		{D4580DEC-8527-48DB-BDAC-AD8ACBF80BEF}.Ad-Hoc|iPhone.Build.0 = Release|x86
		{D4580DEC-8527-48DB-BDAC-AD8ACBF80BEF}.Ad-Hoc|iPhone.Deploy.0 = Release|x86
		{D4580DEC-8527-48DB-BDAC-AD8ACBF80BEF}.Ad-Hoc|iPhoneSimulator.ActiveCfg = Release|x86
		{D4580DEC-8527-48DB-BDAC-AD8ACBF80BEF}.Ad-Hoc|iPhoneSimulator.Build.0 = Release|x86
		{D4580DEC-8527-48DB-BDAC-AD8ACBF80BEF}.Ad-Hoc|iPhoneSimulator.Deploy.0 = Release|x86
		{D4580DEC-8527-48DB-BDAC-AD8ACBF80BEF}.Ad-Hoc|x64.ActiveCfg = Release|x64
		{D4580DEC-8527-48DB-BDAC-AD8ACBF80BEF}.Ad-Hoc|x64.Build.0 = Release|x64
		{D4580DEC-8527-48DB-BDAC-AD8ACBF80BEF}.Ad-Hoc|x64.Deploy.0 = Release|x64
		{D4580DEC-8527-48DB-BDAC-AD8ACBF80BEF}.Ad-Hoc|x86.ActiveCfg = Release|x86
		{D4580DEC-8527-48DB-BDAC-AD8ACBF80BEF}.Ad-Hoc|x86.Build.0 = Release|x86
		{D4580DEC-8527-48DB-BDAC-AD8ACBF80BEF}.Ad-Hoc|x86.Deploy.0 = Release|x86
		{D4580DEC-8527-48DB-BDAC-AD8ACBF80BEF}.AppStore|Any CPU.ActiveCfg = Release|x86
		{D4580DEC-8527-48DB-BDAC-AD8ACBF80BEF}.AppStore|Any CPU.Build.0 = Release|x86
		{D4580DEC-8527-48DB-BDAC-AD8ACBF80BEF}.AppStore|Any CPU.Deploy.0 = Release|x86
		{D4580DEC-8527-48DB-BDAC-AD8ACBF80BEF}.AppStore|ARM.ActiveCfg = Release|ARM
		{D4580DEC-8527-48DB-BDAC-AD8ACBF80BEF}.AppStore|ARM.Build.0 = Release|ARM
		{D4580DEC-8527-48DB-BDAC-AD8ACBF80BEF}.AppStore|ARM.Deploy.0 = Release|ARM
		{D4580DEC-8527-48DB-BDAC-AD8ACBF80BEF}.AppStore|iPhone.ActiveCfg = Release|x86
		{D4580DEC-8527-48DB-BDAC-AD8ACBF80BEF}.AppStore|iPhone.Build.0 = Release|x86
		{D4580DEC-8527-48DB-BDAC-AD8ACBF80BEF}.AppStore|iPhone.Deploy.0 = Release|x86
		{D4580DEC-8527-48DB-BDAC-AD8ACBF80BEF}.AppStore|iPhoneSimulator.ActiveCfg = Release|x86
		{D4580DEC-8527-48DB-BDAC-AD8ACBF80BEF}.AppStore|iPhoneSimulator.Build.0 = Release|x86
		{D4580DEC-8527-48DB-BDAC-AD8ACBF80BEF}.AppStore|iPhoneSimulator.Deploy.0 = Release|x86
		{D4580DEC-8527-48DB-BDAC-AD8ACBF80BEF}.AppStore|x64.ActiveCfg = Release|x64
		{D4580DEC-8527-48DB-BDAC-AD8ACBF80BEF}.AppStore|x64.Build.0 = Release|x64
		{D4580DEC-8527-48DB-BDAC-AD8ACBF80BEF}.AppStore|x64.Deploy.0 = Release|x64
		{D4580DEC-8527-48DB-BDAC-AD8ACBF80BEF}.AppStore|x86.ActiveCfg = Release|x86
		{D4580DEC-8527-48DB-BDAC-AD8ACBF80BEF}.AppStore|x86.Build.0 = Release|x86
		{D4580DEC-8527-48DB-BDAC-AD8ACBF80BEF}.AppStore|x86.Deploy.0 = Release|x86
		{D4580DEC-8527-48DB-BDAC-AD8ACBF80BEF}.Debug|Any CPU.ActiveCfg = Debug|x86
		{D4580DEC-8527-48DB-BDAC-AD8ACBF80BEF}.Debug|ARM.ActiveCfg = Debug|ARM
		{D4580DEC-8527-48DB-BDAC-AD8ACBF80BEF}.Debug|ARM.Build.0 = Debug|ARM
		{D4580DEC-8527-48DB-BDAC-AD8ACBF80BEF}.Debug|ARM.Deploy.0 = Debug|ARM
		{D4580DEC-8527-48DB-BDAC-AD8ACBF80BEF}.Debug|iPhone.ActiveCfg = Debug|x86
		{D4580DEC-8527-48DB-BDAC-AD8ACBF80BEF}.Debug|iPhoneSimulator.ActiveCfg = Debug|x86
		{D4580DEC-8527-48DB-BDAC-AD8ACBF80BEF}.Debug|x64.ActiveCfg = Debug|x64
		{D4580DEC-8527-48DB-BDAC-AD8ACBF80BEF}.Debug|x64.Build.0 = Debug|x64
		{D4580DEC-8527-48DB-BDAC-AD8ACBF80BEF}.Debug|x64.Deploy.0 = Debug|x64
		{D4580DEC-8527-48DB-BDAC-AD8ACBF80BEF}.Debug|x86.ActiveCfg = Debug|x86
		{D4580DEC-8527-48DB-BDAC-AD8ACBF80BEF}.Debug|x86.Build.0 = Debug|x86
		{D4580DEC-8527-48DB-BDAC-AD8ACBF80BEF}.Debug|x86.Deploy.0 = Debug|x86
		{D4580DEC-8527-48DB-BDAC-AD8ACBF80BEF}.Release|Any CPU.ActiveCfg = Release|x86
		{D4580DEC-8527-48DB-BDAC-AD8ACBF80BEF}.Release|ARM.ActiveCfg = Release|ARM
		{D4580DEC-8527-48DB-BDAC-AD8ACBF80BEF}.Release|ARM.Build.0 = Release|ARM
		{D4580DEC-8527-48DB-BDAC-AD8ACBF80BEF}.Release|ARM.Deploy.0 = Release|ARM
		{D4580DEC-8527-48DB-BDAC-AD8ACBF80BEF}.Release|iPhone.ActiveCfg = Release|x86
		{D4580DEC-8527-48DB-BDAC-AD8ACBF80BEF}.Release|iPhoneSimulator.ActiveCfg = Release|x86
		{D4580DEC-8527-48DB-BDAC-AD8ACBF80BEF}.Release|x64.ActiveCfg = Release|x64
		{D4580DEC-8527-48DB-BDAC-AD8ACBF80BEF}.Release|x64.Build.0 = Release|x64
		{D4580DEC-8527-48DB-BDAC-AD8ACBF80BEF}.Release|x64.Deploy.0 = Release|x64
		{D4580DEC-8527-48DB-BDAC-AD8ACBF80BEF}.Release|x86.ActiveCfg = Release|x86
		{D4580DEC-8527-48DB-BDAC-AD8ACBF80BEF}.Release|x86.Build.0 = Release|x86
		{D4580DEC-8527-48DB-BDAC-AD8ACBF80BEF}.Release|x86.Deploy.0 = Release|x86
		{03AEE6FA-55BC-48A0-9CC9-27BDA6AA212B}.Ad-Hoc|Any CPU.ActiveCfg = Release|Any CPU
		{03AEE6FA-55BC-48A0-9CC9-27BDA6AA212B}.Ad-Hoc|Any CPU.Build.0 = Release|Any CPU
		{03AEE6FA-55BC-48A0-9CC9-27BDA6AA212B}.Ad-Hoc|ARM.ActiveCfg = Release|Any CPU
		{03AEE6FA-55BC-48A0-9CC9-27BDA6AA212B}.Ad-Hoc|ARM.Build.0 = Release|Any CPU
		{03AEE6FA-55BC-48A0-9CC9-27BDA6AA212B}.Ad-Hoc|iPhone.ActiveCfg = Release|Any CPU
		{03AEE6FA-55BC-48A0-9CC9-27BDA6AA212B}.Ad-Hoc|iPhone.Build.0 = Release|Any CPU
		{03AEE6FA-55BC-48A0-9CC9-27BDA6AA212B}.Ad-Hoc|iPhoneSimulator.ActiveCfg = Release|Any CPU
		{03AEE6FA-55BC-48A0-9CC9-27BDA6AA212B}.Ad-Hoc|iPhoneSimulator.Build.0 = Release|Any CPU
		{03AEE6FA-55BC-48A0-9CC9-27BDA6AA212B}.Ad-Hoc|x64.ActiveCfg = Release|Any CPU
		{03AEE6FA-55BC-48A0-9CC9-27BDA6AA212B}.Ad-Hoc|x64.Build.0 = Release|Any CPU
		{03AEE6FA-55BC-48A0-9CC9-27BDA6AA212B}.Ad-Hoc|x86.ActiveCfg = Release|Any CPU
		{03AEE6FA-55BC-48A0-9CC9-27BDA6AA212B}.Ad-Hoc|x86.Build.0 = Release|Any CPU
		{03AEE6FA-55BC-48A0-9CC9-27BDA6AA212B}.AppStore|Any CPU.ActiveCfg = Release|Any CPU
		{03AEE6FA-55BC-48A0-9CC9-27BDA6AA212B}.AppStore|Any CPU.Build.0 = Release|Any CPU
		{03AEE6FA-55BC-48A0-9CC9-27BDA6AA212B}.AppStore|ARM.ActiveCfg = Release|Any CPU
		{03AEE6FA-55BC-48A0-9CC9-27BDA6AA212B}.AppStore|ARM.Build.0 = Release|Any CPU
		{03AEE6FA-55BC-48A0-9CC9-27BDA6AA212B}.AppStore|iPhone.ActiveCfg = Release|Any CPU
		{03AEE6FA-55BC-48A0-9CC9-27BDA6AA212B}.AppStore|iPhone.Build.0 = Release|Any CPU
		{03AEE6FA-55BC-48A0-9CC9-27BDA6AA212B}.AppStore|iPhoneSimulator.ActiveCfg = Release|Any CPU
		{03AEE6FA-55BC-48A0-9CC9-27BDA6AA212B}.AppStore|iPhoneSimulator.Build.0 = Release|Any CPU
		{03AEE6FA-55BC-48A0-9CC9-27BDA6AA212B}.AppStore|x64.ActiveCfg = Release|Any CPU
		{03AEE6FA-55BC-48A0-9CC9-27BDA6AA212B}.AppStore|x64.Build.0 = Release|Any CPU
		{03AEE6FA-55BC-48A0-9CC9-27BDA6AA212B}.AppStore|x86.ActiveCfg = Release|Any CPU
		{03AEE6FA-55BC-48A0-9CC9-27BDA6AA212B}.AppStore|x86.Build.0 = Release|Any CPU
		{03AEE6FA-55BC-48A0-9CC9-27BDA6AA212B}.Debug|Any CPU.ActiveCfg = Debug|Any CPU
		{03AEE6FA-55BC-48A0-9CC9-27BDA6AA212B}.Debug|Any CPU.Build.0 = Debug|Any CPU
		{03AEE6FA-55BC-48A0-9CC9-27BDA6AA212B}.Debug|ARM.ActiveCfg = Debug|Any CPU
		{03AEE6FA-55BC-48A0-9CC9-27BDA6AA212B}.Debug|ARM.Build.0 = Debug|Any CPU
		{03AEE6FA-55BC-48A0-9CC9-27BDA6AA212B}.Debug|iPhone.ActiveCfg = Debug|Any CPU
		{03AEE6FA-55BC-48A0-9CC9-27BDA6AA212B}.Debug|iPhone.Build.0 = Debug|Any CPU
		{03AEE6FA-55BC-48A0-9CC9-27BDA6AA212B}.Debug|iPhoneSimulator.ActiveCfg = Debug|Any CPU
		{03AEE6FA-55BC-48A0-9CC9-27BDA6AA212B}.Debug|iPhoneSimulator.Build.0 = Debug|Any CPU
		{03AEE6FA-55BC-48A0-9CC9-27BDA6AA212B}.Debug|x64.ActiveCfg = Debug|Any CPU
		{03AEE6FA-55BC-48A0-9CC9-27BDA6AA212B}.Debug|x64.Build.0 = Debug|Any CPU
		{03AEE6FA-55BC-48A0-9CC9-27BDA6AA212B}.Debug|x86.ActiveCfg = Debug|Any CPU
		{03AEE6FA-55BC-48A0-9CC9-27BDA6AA212B}.Debug|x86.Build.0 = Debug|Any CPU
		{03AEE6FA-55BC-48A0-9CC9-27BDA6AA212B}.Release|Any CPU.ActiveCfg = Release|Any CPU
		{03AEE6FA-55BC-48A0-9CC9-27BDA6AA212B}.Release|Any CPU.Build.0 = Release|Any CPU
		{03AEE6FA-55BC-48A0-9CC9-27BDA6AA212B}.Release|ARM.ActiveCfg = Release|Any CPU
		{03AEE6FA-55BC-48A0-9CC9-27BDA6AA212B}.Release|ARM.Build.0 = Release|Any CPU
		{03AEE6FA-55BC-48A0-9CC9-27BDA6AA212B}.Release|iPhone.ActiveCfg = Release|Any CPU
		{03AEE6FA-55BC-48A0-9CC9-27BDA6AA212B}.Release|iPhone.Build.0 = Release|Any CPU
		{03AEE6FA-55BC-48A0-9CC9-27BDA6AA212B}.Release|iPhoneSimulator.ActiveCfg = Release|Any CPU
		{03AEE6FA-55BC-48A0-9CC9-27BDA6AA212B}.Release|iPhoneSimulator.Build.0 = Release|Any CPU
		{03AEE6FA-55BC-48A0-9CC9-27BDA6AA212B}.Release|x64.ActiveCfg = Release|Any CPU
		{03AEE6FA-55BC-48A0-9CC9-27BDA6AA212B}.Release|x64.Build.0 = Release|Any CPU
		{03AEE6FA-55BC-48A0-9CC9-27BDA6AA212B}.Release|x86.ActiveCfg = Release|Any CPU
		{03AEE6FA-55BC-48A0-9CC9-27BDA6AA212B}.Release|x86.Build.0 = Release|Any CPU
	EndGlobalSection
	GlobalSection(SolutionProperties) = preSolution
		HideSolutionNode = FALSE
	EndGlobalSection
EndGlobal
